
Microsoft Visual Studio Solution File, Format Version 12.00
# Visual Studio Version 17
VisualStudioVersion = 17.7.34202.233
MinimumVisualStudioVersion = 10.0.40219.1
Project("{FAE04EC0-301F-11D3-BF4B-00C04F79EFBC}") = "Book1", "Book1.csproj", "{3EEF7B7A-EE05-4EC2-8ACA-6B67C5CEB231}"
EndProject
Global
	GlobalSection(SolutionConfigurationPlatforms) = preSolution
		Debug|Any CPU = Debug|Any CPU
		Release|Any CPU = Release|Any CPU
	EndGlobalSection
	GlobalSection(ProjectConfigurationPlatforms) = postSolution
		{3EEF7B7A-EE05-4EC2-8ACA-6B67C5CEB231}.Debug|Any CPU.ActiveCfg = Debug|Any CPU
		{3EEF7B7A-EE05-4EC2-8ACA-6B67C5CEB231}.Debug|Any CPU.Build.0 = Debug|Any CPU
		{3EEF7B7A-EE05-4EC2-8ACA-6B67C5CEB231}.Release|Any CPU.ActiveCfg = Release|Any CPU
		{3EEF7B7A-EE05-4EC2-8ACA-6B67C5CEB231}.Release|Any CPU.Build.0 = Release|Any CPU
	EndGlobalSection
	GlobalSection(SolutionProperties) = preSolution
		HideSolutionNode = FALSE
	EndGlobalSection
	GlobalSection(ExtensibilityGlobals) = postSolution
		SolutionGuid = {AA278EE8-C60D-47D7-87BF-43C6764CD36F}
	EndGlobalSection
EndGlobal
